// !$*UTF8*$!
{
	archiveVersion = 1;
	classes = {
	};
	objectVersion = 46;
	objects = {

/* Begin PBXBuildFile section */
		3D22FA993D90BF37654DDF4A /* Pods_MMDrawerControllerTest.framework in Frameworks */ = {isa = PBXBuildFile; fileRef = F8A2EFC0086D4463C982EBD2 /* Pods_MMDrawerControllerTest.framework */; };
		5FE7C09E1D066E4D0091A720 /* AppDelegate.swift in Sources */ = {isa = PBXBuildFile; fileRef = 5FE7C09D1D066E4D0091A720 /* AppDelegate.swift */; };
		5FE7C0A01D066E4D0091A720 /* ViewController.swift in Sources */ = {isa = PBXBuildFile; fileRef = 5FE7C09F1D066E4D0091A720 /* ViewController.swift */; };
		5FE7C0A31D066E4D0091A720 /* Main.storyboard in Resources */ = {isa = PBXBuildFile; fileRef = 5FE7C0A11D066E4D0091A720 /* Main.storyboard */; };
		5FE7C0A51D066E4D0091A720 /* Assets.xcassets in Resources */ = {isa = PBXBuildFile; fileRef = 5FE7C0A41D066E4D0091A720 /* Assets.xcassets */; };
		5FE7C0A81D066E4D0091A720 /* LaunchScreen.storyboard in Resources */ = {isa = PBXBuildFile; fileRef = 5FE7C0A61D066E4D0091A720 /* LaunchScreen.storyboard */; };
		5FE7C0B31D066E4D0091A720 /* MMDrawerControllerTestTests.swift in Sources */ = {isa = PBXBuildFile; fileRef = 5FE7C0B21D066E4D0091A720 /* MMDrawerControllerTestTests.swift */; };
		5FE7C0BE1D066E4D0091A720 /* MMDrawerControllerTestUITests.swift in Sources */ = {isa = PBXBuildFile; fileRef = 5FE7C0BD1D066E4D0091A720 /* MMDrawerControllerTestUITests.swift */; };
		5FE7C0CC1D06717B0091A720 /* LeftViewController.swift in Sources */ = {isa = PBXBuildFile; fileRef = 5FE7C0CB1D06717B0091A720 /* LeftViewController.swift */; };
/* End PBXBuildFile section */

/* Begin PBXContainerItemProxy section */
		5FE7C0AF1D066E4D0091A720 /* PBXContainerItemProxy */ = {
			isa = PBXContainerItemProxy;
			containerPortal = 5FE7C0921D066E4D0091A720 /* Project object */;
			proxyType = 1;
			remoteGlobalIDString = 5FE7C0991D066E4D0091A720;
			remoteInfo = MMDrawerControllerTest;
		};
		5FE7C0BA1D066E4D0091A720 /* PBXContainerItemProxy */ = {
			isa = PBXContainerItemProxy;
			containerPortal = 5FE7C0921D066E4D0091A720 /* Project object */;
			proxyType = 1;
			remoteGlobalIDString = 5FE7C0991D066E4D0091A720;
			remoteInfo = MMDrawerControllerTest;
		};
/* End PBXContainerItemProxy section */

/* Begin PBXFileReference section */
		5FE7C09A1D066E4D0091A720 /* MMDrawerControllerTest.app */ = {isa = PBXFileReference; explicitFileType = wrapper.application; includeInIndex = 0; path = MMDrawerControllerTest.app; sourceTree = BUILT_PRODUCTS_DIR; };
		5FE7C09D1D066E4D0091A720 /* AppDelegate.swift */ = {isa = PBXFileReference; lastKnownFileType = sourcecode.swift; path = AppDelegate.swift; sourceTree = "<group>"; };
		5FE7C09F1D066E4D0091A720 /* ViewController.swift */ = {isa = PBXFileReference; lastKnownFileType = sourcecode.swift; path = ViewController.swift; sourceTree = "<group>"; };
		5FE7C0A21D066E4D0091A720 /* Base */ = {isa = PBXFileReference; lastKnownFileType = file.storyboard; name = Base; path = Base.lproj/Main.storyboard; sourceTree = "<group>"; };
		5FE7C0A41D066E4D0091A720 /* Assets.xcassets */ = {isa = PBXFileReference; lastKnownFileType = folder.assetcatalog; path = Assets.xcassets; sourceTree = "<group>"; };
		5FE7C0A71D066E4D0091A720 /* Base */ = {isa = PBXFileReference; lastKnownFileType = file.storyboard; name = Base; path = Base.lproj/LaunchScreen.storyboard; sourceTree = "<group>"; };
		5FE7C0A91D066E4D0091A720 /* Info.plist */ = {isa = PBXFileReference; lastKnownFileType = text.plist.xml; path = Info.plist; sourceTree = "<group>"; };
		5FE7C0AE1D066E4D0091A720 /* MMDrawerControllerTestTests.xctest */ = {isa = PBXFileReference; explicitFileType = wrapper.cfbundle; includeInIndex = 0; path = MMDrawerControllerTestTests.xctest; sourceTree = BUILT_PRODUCTS_DIR; };
		5FE7C0B21D066E4D0091A720 /* MMDrawerControllerTestTests.swift */ = {isa = PBXFileReference; lastKnownFileType = sourcecode.swift; path = MMDrawerControllerTestTests.swift; sourceTree = "<group>"; };
		5FE7C0B41D066E4D0091A720 /* Info.plist */ = {isa = PBXFileReference; lastKnownFileType = text.plist.xml; path = Info.plist; sourceTree = "<group>"; };
		5FE7C0B91D066E4D0091A720 /* MMDrawerControllerTestUITests.xctest */ = {isa = PBXFileReference; explicitFileType = wrapper.cfbundle; includeInIndex = 0; path = MMDrawerControllerTestUITests.xctest; sourceTree = BUILT_PRODUCTS_DIR; };
		5FE7C0BD1D066E4D0091A720 /* MMDrawerControllerTestUITests.swift */ = {isa = PBXFileReference; lastKnownFileType = sourcecode.swift; path = MMDrawerControllerTestUITests.swift; sourceTree = "<group>"; };
		5FE7C0BF1D066E4D0091A720 /* Info.plist */ = {isa = PBXFileReference; lastKnownFileType = text.plist.xml; path = Info.plist; sourceTree = "<group>"; };
		5FE7C0CB1D06717B0091A720 /* LeftViewController.swift */ = {isa = PBXFileReference; fileEncoding = 4; lastKnownFileType = sourcecode.swift; path = LeftViewController.swift; sourceTree = "<group>"; };
		B0B407A68FFA2796F40FDB57 /* Pods-MMDrawerControllerTest.release.xcconfig */ = {isa = PBXFileReference; includeInIndex = 1; lastKnownFileType = text.xcconfig; name = "Pods-MMDrawerControllerTest.release.xcconfig"; path = "Pods/Target Support Files/Pods-MMDrawerControllerTest/Pods-MMDrawerControllerTest.release.xcconfig"; sourceTree = "<group>"; };
		B60D97E9C9C1F32A34156DDE /* Pods-MMDrawerControllerTest.debug.xcconfig */ = {isa = PBXFileReference; includeInIndex = 1; lastKnownFileType = text.xcconfig; name = "Pods-MMDrawerControllerTest.debug.xcconfig"; path = "Pods/Target Support Files/Pods-MMDrawerControllerTest/Pods-MMDrawerControllerTest.debug.xcconfig"; sourceTree = "<group>"; };
		F8A2EFC0086D4463C982EBD2 /* Pods_MMDrawerControllerTest.framework */ = {isa = PBXFileReference; explicitFileType = wrapper.framework; includeInIndex = 0; path = Pods_MMDrawerControllerTest.framework; sourceTree = BUILT_PRODUCTS_DIR; };
/* End PBXFileReference section */

/* Begin PBXFrameworksBuildPhase section */
		5FE7C0971D066E4D0091A720 /* Frameworks */ = {
			isa = PBXFrameworksBuildPhase;
			buildActionMask = 2147483647;
			files = (
				3D22FA993D90BF37654DDF4A /* Pods_MMDrawerControllerTest.framework in Frameworks */,
			);
			runOnlyForDeploymentPostprocessing = 0;
		};
		5FE7C0AB1D066E4D0091A720 /* Frameworks */ = {
			isa = PBXFrameworksBuildPhase;
			buildActionMask = 2147483647;
			files = (
			);
			runOnlyForDeploymentPostprocessing = 0;
		};
		5FE7C0B61D066E4D0091A720 /* Frameworks */ = {
			isa = PBXFrameworksBuildPhase;
			buildActionMask = 2147483647;
			files = (
			);
			runOnlyForDeploymentPostprocessing = 0;
		};
/* End PBXFrameworksBuildPhase section */

/* Begin PBXGroup section */
		26EB5DEA0DE1399E2690FFD4 /* Frameworks */ = {
			isa = PBXGroup;
			children = (
				F8A2EFC0086D4463C982EBD2 /* Pods_MMDrawerControllerTest.framework */,
			);
			name = Frameworks;
			sourceTree = "<group>";
		};
		2DAA2477E45F8852F2CA44E8 /* Pods */ = {
			isa = PBXGroup;
			children = (
				B60D97E9C9C1F32A34156DDE /* Pods-MMDrawerControllerTest.debug.xcconfig */,
				B0B407A68FFA2796F40FDB57 /* Pods-MMDrawerControllerTest.release.xcconfig */,
			);
			name = Pods;
			sourceTree = "<group>";
		};
		5FE7C0911D066E4D0091A720 = {
			isa = PBXGroup;
			children = (
				5FE7C09C1D066E4D0091A720 /* MMDrawerControllerTest */,
				5FE7C0B11D066E4D0091A720 /* MMDrawerControllerTestTests */,
				5FE7C0BC1D066E4D0091A720 /* MMDrawerControllerTestUITests */,
				5FE7C09B1D066E4D0091A720 /* Products */,
				2DAA2477E45F8852F2CA44E8 /* Pods */,
				26EB5DEA0DE1399E2690FFD4 /* Frameworks */,
			);
			sourceTree = "<group>";
		};
		5FE7C09B1D066E4D0091A720 /* Products */ = {
			isa = PBXGroup;
			children = (
				5FE7C09A1D066E4D0091A720 /* MMDrawerControllerTest.app */,
				5FE7C0AE1D066E4D0091A720 /* MMDrawerControllerTestTests.xctest */,
				5FE7C0B91D066E4D0091A720 /* MMDrawerControllerTestUITests.xctest */,
			);
			name = Products;
			sourceTree = "<group>";
		};
		5FE7C09C1D066E4D0091A720 /* MMDrawerControllerTest */ = {
			isa = PBXGroup;
			children = (
				5FE7C09D1D066E4D0091A720 /* AppDelegate.swift */,
				5FE7C09F1D066E4D0091A720 /* ViewController.swift */,
				5FE7C0CB1D06717B0091A720 /* LeftViewController.swift */,
				5FE7C0A11D066E4D0091A720 /* Main.storyboard */,
				5FE7C0A41D066E4D0091A720 /* Assets.xcassets */,
				5FE7C0A61D066E4D0091A720 /* LaunchScreen.storyboard */,
				5FE7C0A91D066E4D0091A720 /* Info.plist */,
			);
			path = MMDrawerControllerTest;
			sourceTree = "<group>";
		};
		5FE7C0B11D066E4D0091A720 /* MMDrawerControllerTestTests */ = {
			isa = PBXGroup;
			children = (
				5FE7C0B21D066E4D0091A720 /* MMDrawerControllerTestTests.swift */,
				5FE7C0B41D066E4D0091A720 /* Info.plist */,
			);
			path = MMDrawerControllerTestTests;
			sourceTree = "<group>";
		};
		5FE7C0BC1D066E4D0091A720 /* MMDrawerControllerTestUITests */ = {
			isa = PBXGroup;
			children = (
				5FE7C0BD1D066E4D0091A720 /* MMDrawerControllerTestUITests.swift */,
				5FE7C0BF1D066E4D0091A720 /* Info.plist */,
			);
			path = MMDrawerControllerTestUITests;
			sourceTree = "<group>";
		};
/* End PBXGroup section */

/* Begin PBXNativeTarget section */
		5FE7C0991D066E4D0091A720 /* MMDrawerControllerTest */ = {
			isa = PBXNativeTarget;
			buildConfigurationList = 5FE7C0C21D066E4D0091A720 /* Build configuration list for PBXNativeTarget "MMDrawerControllerTest" */;
			buildPhases = (
				B87B6867FC3569BC56AA6A85 /* Check Pods Manifest.lock */,
				5FE7C0961D066E4D0091A720 /* Sources */,
				5FE7C0971D066E4D0091A720 /* Frameworks */,
				5FE7C0981D066E4D0091A720 /* Resources */,
				9EF824DD45633E70A1A76FB8 /* Embed Pods Frameworks */,
				737F0F2F7B2F8ACCE80EE974 /* Copy Pods Resources */,
			);
			buildRules = (
			);
			dependencies = (
			);
			name = MMDrawerControllerTest;
			productName = MMDrawerControllerTest;
			productReference = 5FE7C09A1D066E4D0091A720 /* MMDrawerControllerTest.app */;
			productType = "com.apple.product-type.application";
		};
		5FE7C0AD1D066E4D0091A720 /* MMDrawerControllerTestTests */ = {
			isa = PBXNativeTarget;
			buildConfigurationList = 5FE7C0C51D066E4D0091A720 /* Build configuration list for PBXNativeTarget "MMDrawerControllerTestTests" */;
			buildPhases = (
				5FE7C0AA1D066E4D0091A720 /* Sources */,
				5FE7C0AB1D066E4D0091A720 /* Frameworks */,
				5FE7C0AC1D066E4D0091A720 /* Resources */,
			);
			buildRules = (
			);
			dependencies = (
				5FE7C0B01D066E4D0091A720 /* PBXTargetDependency */,
			);
			name = MMDrawerControllerTestTests;
			productName = MMDrawerControllerTestTests;
			productReference = 5FE7C0AE1D066E4D0091A720 /* MMDrawerControllerTestTests.xctest */;
			productType = "com.apple.product-type.bundle.unit-test";
		};
		5FE7C0B81D066E4D0091A720 /* MMDrawerControllerTestUITests */ = {
			isa = PBXNativeTarget;
			buildConfigurationList = 5FE7C0C81D066E4D0091A720 /* Build configuration list for PBXNativeTarget "MMDrawerControllerTestUITests" */;
			buildPhases = (
				5FE7C0B51D066E4D0091A720 /* Sources */,
				5FE7C0B61D066E4D0091A720 /* Frameworks */,
				5FE7C0B71D066E4D0091A720 /* Resources */,
			);
			buildRules = (
			);
			dependencies = (
				5FE7C0BB1D066E4D0091A720 /* PBXTargetDependency */,
			);
			name = MMDrawerControllerTestUITests;
			productName = MMDrawerControllerTestUITests;
			productReference = 5FE7C0B91D066E4D0091A720 /* MMDrawerControllerTestUITests.xctest */;
			productType = "com.apple.product-type.bundle.ui-testing";
		};
/* End PBXNativeTarget section */

/* Begin PBXProject section */
		5FE7C0921D066E4D0091A720 /* Project object */ = {
			isa = PBXProject;
			attributes = {
				LastSwiftUpdateCheck = 0730;
				LastUpgradeCheck = 0730;
				ORGANIZATIONNAME = KumagaiNaoki;
				TargetAttributes = {
					5FE7C0991D066E4D0091A720 = {
						CreatedOnToolsVersion = 7.3.1;
					};
					5FE7C0AD1D066E4D0091A720 = {
						CreatedOnToolsVersion = 7.3.1;
						TestTargetID = 5FE7C0991D066E4D0091A720;
					};
					5FE7C0B81D066E4D0091A720 = {
						CreatedOnToolsVersion = 7.3.1;
						TestTargetID = 5FE7C0991D066E4D0091A720;
					};
				};
			};
			buildConfigurationList = 5FE7C0951D066E4D0091A720 /* Build configuration list for PBXProject "MMDrawerControllerTest" */;
			compatibilityVersion = "Xcode 3.2";
			developmentRegion = English;
			hasScannedForEncodings = 0;
			knownRegions = (
				en,
				Base,
			);
			mainGroup = 5FE7C0911D066E4D0091A720;
			productRefGroup = 5FE7C09B1D066E4D0091A720 /* Products */;
			projectDirPath = "";
			projectRoot = "";
			targets = (
				5FE7C0991D066E4D0091A720 /* MMDrawerControllerTest */,
				5FE7C0AD1D066E4D0091A720 /* MMDrawerControllerTestTests */,
				5FE7C0B81D066E4D0091A720 /* MMDrawerControllerTestUITests */,
			);
		};
/* End PBXProject section */

/* Begin PBXResourcesBuildPhase section */
		5FE7C0981D066E4D0091A720 /* Resources */ = {
			isa = PBXResourcesBuildPhase;
			buildActionMask = 2147483647;
			files = (
				5FE7C0A81D066E4D0091A720 /* LaunchScreen.storyboard in Resources */,
				5FE7C0A51D066E4D0091A720 /* Assets.xcassets in Resources */,
				5FE7C0A31D066E4D0091A720 /* Main.storyboard in Resources */,
			);
			runOnlyForDeploymentPostprocessing = 0;
		};
		5FE7C0AC1D066E4D0091A720 /* Resources */ = {
			isa = PBXResourcesBuildPhase;
			buildActionMask = 2147483647;
			files = (
			);
			runOnlyForDeploymentPostprocessing = 0;
		};
		5FE7C0B71D066E4D0091A720 /* Resources */ = {
			isa = PBXResourcesBuildPhase;
			buildActionMask = 2147483647;
			files = (
			);
			runOnlyForDeploymentPostprocessing = 0;
		};
/* End PBXResourcesBuildPhase section */

/* Begin PBXShellScriptBuildPhase section */
		737F0F2F7B2F8ACCE80EE974 /* Copy Pods Resources */ = {
			isa = PBXShellScriptBuildPhase;
			buildActionMask = 2147483647;
			files = (
			);
			inputPaths = (
			);
			name = "Copy Pods Resources";
			outputPaths = (
			);
			runOnlyForDeploymentPostprocessing = 0;
			shellPath = /bin/sh;
			shellScript = "\"${SRCROOT}/Pods/Target Support Files/Pods-MMDrawerControllerTest/Pods-MMDrawerControllerTest-resources.sh\"\n";
			showEnvVarsInLog = 0;
		};
		9EF824DD45633E70A1A76FB8 /* Embed Pods Frameworks */ = {
			isa = PBXShellScriptBuildPhase;
			buildActionMask = 2147483647;
			files = (
			);
			inputPaths = (
			);
			name = "Embed Pods Frameworks";
			outputPaths = (
			);
			runOnlyForDeploymentPostprocessing = 0;
			shellPath = /bin/sh;
			shellScript = "\"${SRCROOT}/Pods/Target Support Files/Pods-MMDrawerControllerTest/Pods-MMDrawerControllerTest-frameworks.sh\"\n";
			showEnvVarsInLog = 0;
		};
		B87B6867FC3569BC56AA6A85 /* Check Pods Manifest.lock */ = {
			isa = PBXShellScriptBuildPhase;
			buildActionMask = 2147483647;
			files = (
			);
			inputPaths = (
			);
			name = "Check Pods Manifest.lock";
			outputPaths = (
			);
			runOnlyForDeploymentPostprocessing = 0;
			shellPath = /bin/sh;
			shellScript = "diff \"${PODS_ROOT}/../Podfile.lock\" \"${PODS_ROOT}/Manifest.lock\" > /dev/null\nif [[ $? != 0 ]] ; then\n    cat << EOM\nerror: The sandbox is not in sync with the Podfile.lock. Run 'pod install' or update your CocoaPods installation.\nEOM\n    exit 1\nfi\n";
			showEnvVarsInLog = 0;
		};
/* End PBXShellScriptBuildPhase section */

/* Begin PBXSourcesBuildPhase section */
		5FE7C0961D066E4D0091A720 /* Sources */ = {
			isa = PBXSourcesBuildPhase;
			buildActionMask = 2147483647;
			files = (
				5FE7C0CC1D06717B0091A720 /* LeftViewController.swift in Sources */,
				5FE7C0A01D066E4D0091A720 /* ViewController.swift in Sources */,
				5FE7C09E1D066E4D0091A720 /* AppDelegate.swift in Sources */,
			);
			runOnlyForDeploymentPostprocessing = 0;
		};
		5FE7C0AA1D066E4D0091A720 /* Sources */ = {
			isa = PBXSourcesBuildPhase;
			buildActionMask = 2147483647;
			files = (
				5FE7C0B31D066E4D0091A720 /* MMDrawerControllerTestTests.swift in Sources */,
			);
			runOnlyForDeploymentPostprocessing = 0;
		};
		5FE7C0B51D066E4D0091A720 /* Sources */ = {
			isa = PBXSourcesBuildPhase;
			buildActionMask = 2147483647;
			files = (
				5FE7C0BE1D066E4D0091A720 /* MMDrawerControllerTestUITests.swift in Sources */,
			);
			runOnlyForDeploymentPostprocessing = 0;
		};
/* End PBXSourcesBuildPhase section */

/* Begin PBXTargetDependency section */
		5FE7C0B01D066E4D0091A720 /* PBXTargetDependency */ = {
			isa = PBXTargetDependency;
			target = 5FE7C0991D066E4D0091A720 /* MMDrawerControllerTest */;
			targetProxy = 5FE7C0AF1D066E4D0091A720 /* PBXContainerItemProxy */;
		};
		5FE7C0BB1D066E4D0091A720 /* PBXTargetDependency */ = {
			isa = PBXTargetDependency;
			target = 5FE7C0991D066E4D0091A720 /* MMDrawerControllerTest */;
			targetProxy = 5FE7C0BA1D066E4D0091A720 /* PBXContainerItemProxy */;
		};
/* End PBXTargetDependency section */

/* Begin PBXVariantGroup section */
		5FE7C0A11D066E4D0091A720 /* Main.storyboard */ = {
			isa = PBXVariantGroup;
			children = (
				5FE7C0A21D066E4D0091A720 /* Base */,
			);
			name = Main.storyboard;
			sourceTree = "<group>";
		};
		5FE7C0A61D066E4D0091A720 /* LaunchScreen.storyboard */ = {
			isa = PBXVariantGroup;
			children = (
				5FE7C0A71D066E4D0091A720 /* Base */,
			);
			name = LaunchScreen.storyboard;
			sourceTree = "<group>";
		};
/* End PBXVariantGroup section */

/* Begin XCBuildConfiguration section */
		5FE7C0C01D066E4D0091A720 /* Debug */ = {
			isa = XCBuildConfiguration;
			buildSettings = {
				ALWAYS_SEARCH_USER_PATHS = NO;
				CLANG_ANALYZER_NONNULL = YES;
				CLANG_CXX_LANGUAGE_STANDARD = "gnu++0x";
				CLANG_CXX_LIBRARY = "libc++";
				CLANG_ENABLE_MODULES = YES;
				CLANG_ENABLE_OBJC_ARC = YES;
				CLANG_WARN_BOOL_CONVERSION = YES;
				CLANG_WARN_CONSTANT_CONVERSION = YES;
				CLANG_WARN_DIRECT_OBJC_ISA_USAGE = YES_ERROR;
				CLANG_WARN_EMPTY_BODY = YES;
				CLANG_WARN_ENUM_CONVERSION = YES;
				CLANG_WARN_INT_CONVERSION = YES;
				CLANG_WARN_OBJC_ROOT_CLASS = YES_ERROR;
				CLANG_WARN_UNREACHABLE_CODE = YES;
				CLANG_WARN__DUPLICATE_METHOD_MATCH = YES;
				"CODE_SIGN_IDENTITY[sdk=iphoneos*]" = "iPhone Developer";
				COPY_PHASE_STRIP = NO;
				DEBUG_INFORMATION_FORMAT = dwarf;
				ENABLE_STRICT_OBJC_MSGSEND = YES;
				ENABLE_TESTABILITY = YES;
				GCC_C_LANGUAGE_STANDARD = gnu99;
				GCC_DYNAMIC_NO_PIC = NO;
				GCC_NO_COMMON_BLOCKS = YES;
				GCC_OPTIMIZATION_LEVEL = 0;
				GCC_PREPROCESSOR_DEFINITIONS = (
					"DEBUG=1",
					"$(inherited)",
				);
				GCC_WARN_64_TO_32_BIT_CONVERSION = YES;
				GCC_WARN_ABOUT_RETURN_TYPE = YES_ERROR;
				GCC_WARN_UNDECLARED_SELECTOR = YES;
				GCC_WARN_UNINITIALIZED_AUTOS = YES_AGGRESSIVE;
				GCC_WARN_UNUSED_FUNCTION = YES;
				GCC_WARN_UNUSED_VARIABLE = YES;
				IPHONEOS_DEPLOYMENT_TARGET = 9.3;
				MTL_ENABLE_DEBUG_INFO = YES;
				ONLY_ACTIVE_ARCH = YES;
				SDKROOT = iphoneos;
				SWIFT_OPTIMIZATION_LEVEL = "-Onone";
			};
			name = Debug;
		};
		5FE7C0C11D066E4D0091A720 /* Release */ = {
			isa = XCBuildConfiguration;
			buildSettings = {
				ALWAYS_SEARCH_USER_PATHS = NO;
				CLANG_ANALYZER_NONNULL = YES;
				CLANG_CXX_LANGUAGE_STANDARD = "gnu++0x";
				CLANG_CXX_LIBRARY = "libc++";
				CLANG_ENABLE_MODULES = YES;
				CLANG_ENABLE_OBJC_ARC = YES;
				CLANG_WARN_BOOL_CONVERSION = YES;
				CLANG_WARN_CONSTANT_CONVERSION = YES;
				CLANG_WARN_DIRECT_OBJC_ISA_USAGE = YES_ERROR;
				CLANG_WARN_EMPTY_BODY = YES;
				CLANG_WARN_ENUM_CONVERSION = YES;
				CLANG_WARN_INT_CONVERSION = YES;
				CLANG_WARN_OBJC_ROOT_CLASS = YES_ERROR;
				CLANG_WARN_UNREACHABLE_CODE = YES;
				CLANG_WARN__DUPLICATE_METHOD_MATCH = YES;
				"CODE_SIGN_IDENTITY[sdk=iphoneos*]" = "iPhone Developer";
				COPY_PHASE_STRIP = NO;
				DEBUG_INFORMATION_FORMAT = "dwarf-with-dsym";
				ENABLE_NS_ASSERTIONS = NO;
				ENABLE_STRICT_OBJC_MSGSEND = YES;
				GCC_C_LANGUAGE_STANDARD = gnu99;
				GCC_NO_COMMON_BLOCKS = YES;
				GCC_WARN_64_TO_32_BIT_CONVERSION = YES;
				GCC_WARN_ABOUT_RETURN_TYPE = YES_ERROR;
				GCC_WARN_UNDECLARED_SELECTOR = YES;
				GCC_WARN_UNINITIALIZED_AUTOS = YES_AGGRESSIVE;
				GCC_WARN_UNUSED_FUNCTION = YES;
				GCC_WARN_UNUSED_VARIABLE = YES;
				IPHONEOS_DEPLOYMENT_TARGET = 9.3;
				MTL_ENABLE_DEBUG_INFO = NO;
				SDKROOT = iphoneos;
				VALIDATE_PRODUCT = YES;
			};
			name = Release;
		};
		5FE7C0C31D066E4D0091A720 /* Debug */ = {
			isa = XCBuildConfiguration;
			baseConfigurationReference = B60D97E9C9C1F32A34156DDE /* Pods-MMDrawerControllerTest.debug.xcconfig */;
			buildSettings = {
				ASSETCATALOG_COMPILER_APPICON_NAME = AppIcon;
				INFOPLIST_FILE = MMDrawerControllerTest/Info.plist;
				LD_RUNPATH_SEARCH_PATHS = "$(inherited) @executable_path/Frameworks";
				PRODUCT_BUNDLE_IDENTIFIER = naoki.kumagai.MMDrawerControllerTest;
				PRODUCT_NAME = "$(TARGET_NAME)";
			};
			name = Debug;
		};
		5FE7C0C41D066E4D0091A720 /* Release */ = {
			isa = XCBuildConfiguration;
			baseConfigurationReference = B0B407A68FFA2796F40FDB57 /* Pods-MMDrawerControllerTest.release.xcconfig */;
			buildSettings = {
				ASSETCATALOG_COMPILER_APPICON_NAME = AppIcon;
				INFOPLIST_FILE = MMDrawerControllerTest/Info.plist;
				LD_RUNPATH_SEARCH_PATHS = "$(inherited) @executable_path/Frameworks";
				PRODUCT_BUNDLE_IDENTIFIER = naoki.kumagai.MMDrawerControllerTest;
				PRODUCT_NAME = "$(TARGET_NAME)";
			};
			name = Release;
		};
		5FE7C0C61D066E4D0091A720 /* Debug */ = {
			isa = XCBuildConfiguration;
			buildSettings = {
				BUNDLE_LOADER = "$(TEST_HOST)";
				INFOPLIST_FILE = MMDrawerControllerTestTests/Info.plist;
				LD_RUNPATH_SEARCH_PATHS = "$(inherited) @executable_path/Frameworks @loader_path/Frameworks";
				PRODUCT_BUNDLE_IDENTIFIER = naoki.kumagai.MMDrawerControllerTestTests;
				PRODUCT_NAME = "$(TARGET_NAME)";
				TEST_HOST = "$(BUILT_PRODUCTS_DIR)/MMDrawerControllerTest.app/MMDrawerControllerTest";
			};
			name = Debug;
		};
		5FE7C0C71D066E4D0091A720 /* Release */ = {
			isa = XCBuildConfiguration;
			buildSettings = {
				BUNDLE_LOADER = "$(TEST_HOST)";
				INFOPLIST_FILE = MMDrawerControllerTestTests/Info.plist;
				LD_RUNPATH_SEARCH_PATHS = "$(inherited) @executable_path/Frameworks @loader_path/Frameworks";
				PRODUCT_BUNDLE_IDENTIFIER = naoki.kumagai.MMDrawerControllerTestTests;
				PRODUCT_NAME = "$(TARGET_NAME)";
				TEST_HOST = "$(BUILT_PRODUCTS_DIR)/MMDrawerControllerTest.app/MMDrawerControllerTest";
			};
			name = Release;
		};
		5FE7C0C91D066E4D0091A720 /* Debug */ = {
			isa = XCBuildConfiguration;
			buildSettings = {
				INFOPLIST_FILE = MMDrawerControllerTestUITests/Info.plist;
				LD_RUNPATH_SEARCH_PATHS = "$(inherited) @executable_path/Frameworks @loader_path/Frameworks";
				PRODUCT_BUNDLE_IDENTIFIER = naoki.kumagai.MMDrawerControllerTestUITests;
				PRODUCT_NAME = "$(TARGET_NAME)";
				TEST_TARGET_NAME = MMDrawerControllerTest;
			};
			name = Debug;
		};
		5FE7C0CA1D066E4D0091A720 /* Release */ = {
			isa = XCBuildConfiguration;
			buildSettings = {
				INFOPLIST_FILE = MMDrawerControllerTestUITests/Info.plist;
				LD_RUNPATH_SEARCH_PATHS = "$(inherited) @executable_path/Frameworks @loader_path/Frameworks";
				PRODUCT_BUNDLE_IDENTIFIER = naoki.kumagai.MMDrawerControllerTestUITests;
				PRODUCT_NAME = "$(TARGET_NAME)";
				TEST_TARGET_NAME = MMDrawerControllerTest;
			};
			name = Release;
		};
/* End XCBuildConfiguration section */

/* Begin XCConfigurationList section */
		5FE7C0951D066E4D0091A720 /* Build configuration list for PBXProject "MMDrawerControllerTest" */ = {
			isa = XCConfigurationList;
			buildConfigurations = (
				5FE7C0C01D066E4D0091A720 /* Debug */,
				5FE7C0C11D066E4D0091A720 /* Release */,
			);
			defaultConfigurationIsVisible = 0;
			defaultConfigurationName = Release;
		};
		5FE7C0C21D066E4D0091A720 /* Build configuration list for PBXNativeTarget "MMDrawerControllerTest" */ = {
			isa = XCConfigurationList;
			buildConfigurations = (
				5FE7C0C31D066E4D0091A720 /* Debug */,
				5FE7C0C41D066E4D0091A720 /* Release */,
			);
			defaultConfigurationIsVisible = 0;
			defaultConfigurationName = Release;
		};
		5FE7C0C51D066E4D0091A720 /* Build configuration list for PBXNativeTarget "MMDrawerControllerTestTests" */ = {
			isa = XCConfigurationList;
			buildConfigurations = (
				5FE7C0C61D066E4D0091A720 /* Debug */,
				5FE7C0C71D066E4D0091A720 /* Release */,
			);
			defaultConfigurationIsVisible = 0;
			defaultConfigurationName = Release;
		};
		5FE7C0C81D066E4D0091A720 /* Build configuration list for PBXNativeTarget "MMDrawerControllerTestUITests" */ = {
			isa = XCConfigurationList;
			buildConfigurations = (
				5FE7C0C91D066E4D0091A720 /* Debug */,
				5FE7C0CA1D066E4D0091A720 /* Release */,
			);
			defaultConfigurationIsVisible = 0;
			defaultConfigurationName = Release;
		};
/* End XCConfigurationList section */
	};
	rootObject = 5FE7C0921D066E4D0091A720 /* Project object */;
}
